<Solution>
  <Folder Name="/Solution Items/">
    <File Path=".commitlintrc" />
    <File Path=".csharpierignore" />
    <File Path=".editorconfig" />
    <File Path=".filenesting.json" />
    <File Path=".gitattributes" />
    <File Path=".gitignore" />
    <File Path=".mcp.json" />
    <File Path="CODE_OF_CONDUCT.md" />
    <File Path="CONTRIBUTING.md" />
    <File Path="Directory.Build.props" />
    <File Path="Directory.Packages.props" />
    <File Path="Directory.Solution.props" />
    <File Path="GitVersion.yml" />
    <File Path="LICENSE" />
    <File Path="README.md" />
    <File Path="global.json" />
    <File Path="logo.png" />
    <File Path="nuget.config" />
    <File Path="renovate.json" />
    <File Path="stryker-config.roslyn4_4.json" />
    <File Path="stryker-config.roslyn4_14.json" />
    <File Path="stryker-config.roslyn5_6.json" />
    <File Path="testEnvironments.json" />
  </Folder>
  <Folder Name="/src/">
    <Project Path="src/NetEvolve.Analyzer/NetEvolve.Analyzer.csproj" />
    <Project Path="src/NetEvolve.Analyzer/NetEvolve.Analyzer.Roslyn4_4.csproj" />
    <Project Path="src/NetEvolve.Analyzer/NetEvolve.Analyzer.Roslyn4_7.csproj" />
    <Project Path="src/NetEvolve.Analyzer/NetEvolve.Analyzer.Roslyn4_14.csproj" />
    <Project Path="src/NetEvolve.Analyzer/NetEvolve.Analyzer.Roslyn5_6.csproj" />
  </Folder>
  <Folder Name="/test/">
    <Project Path="test/NetEvolve.Analyzer.Tests.Unit/NetEvolve.Analyzer.Tests.Unit.csproj" />
    <Project Path="test/NetEvolve.Analyzer.Tests.Integration/NetEvolve.Analyzer.Tests.Integration.csproj" />
  </Folder>
</Solution>
